
Microsoft Visual Studio Solution File, Format Version 12.00
# Visual Studio Version 16
VisualStudioVersion = 16.0.29403.142
MinimumVisualStudioVersion = 10.0.40219.1
Project("{9A19103F-16F7-4668-BE54-9A1E7A4F7556}") = "AspnetcoreMiniProfiler", "AspnetcoreMiniProfiler.csproj", "{B260A8D2-6868-48E7-9717-167544BC9706}"
EndProject
Global
	GlobalSection(SolutionConfigurationPlatforms) = preSolution
		Debug|Any CPU = Debug|Any CPU
		Release|Any CPU = Release|Any CPU
	EndGlobalSection
	GlobalSection(ProjectConfigurationPlatforms) = postSolution
		{B260A8D2-6868-48E7-9717-167544BC9706}.Debug|Any CPU.ActiveCfg = Debug|Any CPU
		{B260A8D2-6868-48E7-9717-167544BC9706}.Debug|Any CPU.Build.0 = Debug|Any CPU
		{B260A8D2-6868-48E7-9717-167544BC9706}.Release|Any CPU.ActiveCfg = Release|Any CPU
		{B260A8D2-6868-48E7-9717-167544BC9706}.Release|Any CPU.Build.0 = Release|Any CPU
	EndGlobalSection
	GlobalSection(SolutionProperties) = preSolution
		HideSolutionNode = FALSE
	EndGlobalSection
	GlobalSection(ExtensibilityGlobals) = postSolution
		SolutionGuid = {53E299BF-A4D2-4B58-9133-6B4DD1310639}
	EndGlobalSection
EndGlobal
